// !$*UTF8*$!
{
	archiveVersion = 1;
	classes = {
	};
	objectVersion = 48;
	objects = {

/* Begin PBXBuildFile section */
		224013AF206CE46600C431CB /* AppDelegate.swift in Sources */ = {isa = PBXBuildFile; fileRef = 224013AE206CE46600C431CB /* AppDelegate.swift */; };
		224013B1206CE46600C431CB /* ViewController.swift in Sources */ = {isa = PBXBuildFile; fileRef = 224013B0206CE46600C431CB /* ViewController.swift */; };
		224013B4206CE46600C431CB /* Main.storyboard in Resources */ = {isa = PBXBuildFile; fileRef = 224013B2206CE46600C431CB /* Main.storyboard */; };
		224013B6206CE46600C431CB /* Assets.xcassets in Resources */ = {isa = PBXBuildFile; fileRef = 224013B5206CE46600C431CB /* Assets.xcassets */; };
		224013B9206CE46600C431CB /* LaunchScreen.storyboard in Resources */ = {isa = PBXBuildFile; fileRef = 224013B7206CE46600C431CB /* LaunchScreen.storyboard */; };
		224013C1206CE4DF00C431CB /* BezierCurveView.swift in Sources */ = {isa = PBXBuildFile; fileRef = 224013C0206CE4DF00C431CB /* BezierCurveView.swift */; };
/* End PBXBuildFile section */

/* Begin PBXFileReference section */
		224013AB206CE46600C431CB /* BezierCurveLineDemo.app */ = {isa = PBXFileReference; explicitFileType = wrapper.application; includeInIndex = 0; path = BezierCurveLineDemo.app; sourceTree = BUILT_PRODUCTS_DIR; };
		224013AE206CE46600C431CB /* AppDelegate.swift */ = {isa = PBXFileReference; lastKnownFileType = sourcecode.swift; path = AppDelegate.swift; sourceTree = "<group>"; };
		224013B0206CE46600C431CB /* ViewController.swift */ = {isa = PBXFileReference; lastKnownFileType = sourcecode.swift; path = ViewController.swift; sourceTree = "<group>"; };
		224013B3206CE46600C431CB /* Base */ = {isa = PBXFileReference; lastKnownFileType = file.storyboard; name = Base; path = Base.lproj/Main.storyboard; sourceTree = "<group>"; };
		224013B5206CE46600C431CB /* Assets.xcassets */ = {isa = PBXFileReference; lastKnownFileType = folder.assetcatalog; path = Assets.xcassets; sourceTree = "<group>"; };
		224013B8206CE46600C431CB /* Base */ = {isa = PBXFileReference; lastKnownFileType = file.storyboard; name = Base; path = Base.lproj/LaunchScreen.storyboard; sourceTree = "<group>"; };
		224013BA206CE46600C431CB /* Info.plist */ = {isa = PBXFileReference; lastKnownFileType = text.plist.xml; path = Info.plist; sourceTree = "<group>"; };
		224013C0206CE4DF00C431CB /* BezierCurveView.swift */ = {isa = PBXFileReference; lastKnownFileType = sourcecode.swift; path = BezierCurveView.swift; sourceTree = "<group>"; };
/* End PBXFileReference section */

/* Begin PBXFrameworksBuildPhase section */
		224013A8206CE46600C431CB /* Frameworks */ = {
			isa = PBXFrameworksBuildPhase;
			buildActionMask = 2147483647;
			files = (
			);
			runOnlyForDeploymentPostprocessing = 0;
		};
/* End PBXFrameworksBuildPhase section */

/* Begin PBXGroup section */
		224013A2206CE46600C431CB = {
			isa = PBXGroup;
			children = (
				224013AD206CE46600C431CB /* BezierCurveLineDemo */,
				224013AC206CE46600C431CB /* Products */,
			);
			sourceTree = "<group>";
		};
		224013AC206CE46600C431CB /* Products */ = {
			isa = PBXGroup;
			children = (
				224013AB206CE46600C431CB /* BezierCurveLineDemo.app */,
			);
			name = Products;
			sourceTree = "<group>";
		};
		224013AD206CE46600C431CB /* BezierCurveLineDemo */ = {
			isa = PBXGroup;
			children = (
				224013AE206CE46600C431CB /* AppDelegate.swift */,
				224013B0206CE46600C431CB /* ViewController.swift */,
				224013C0206CE4DF00C431CB /* BezierCurveView.swift */,
				224013B2206CE46600C431CB /* Main.storyboard */,
				224013B5206CE46600C431CB /* Assets.xcassets */,
				224013B7206CE46600C431CB /* LaunchScreen.storyboard */,
				224013BA206CE46600C431CB /* Info.plist */,
			);
			path = BezierCurveLineDemo;
			sourceTree = "<group>";
		};
/* End PBXGroup section */

/* Begin PBXNativeTarget section */
		224013AA206CE46600C431CB /* BezierCurveLineDemo */ = {
			isa = PBXNativeTarget;
			buildConfigurationList = 224013BD206CE46600C431CB /* Build configuration list for PBXNativeTarget "BezierCurveLineDemo" */;
			buildPhases = (
				224013A7206CE46600C431CB /* Sources */,
				224013A8206CE46600C431CB /* Frameworks */,
				224013A9206CE46600C431CB /* Resources */,
			);
			buildRules = (
			);
			dependencies = (
			);
			name = BezierCurveLineDemo;
			productName = BezierCurveLineDemo;
			productReference = 224013AB206CE46600C431CB /* BezierCurveLineDemo.app */;
			productType = "com.apple.product-type.application";
		};
/* End PBXNativeTarget section */

/* Begin PBXProject section */
		224013A3206CE46600C431CB /* Project object */ = {
			isa = PBXProject;
			attributes = {
				LastSwiftUpdateCheck = 0920;
				LastUpgradeCheck = 0920;
				ORGANIZATIONNAME = zgzzzs;
				TargetAttributes = {
					224013AA206CE46600C431CB = {
						CreatedOnToolsVersion = 9.2;
						ProvisioningStyle = Automatic;
					};
				};
			};
			buildConfigurationList = 224013A6206CE46600C431CB /* Build configuration list for PBXProject "BezierCurveLineDemo" */;
			compatibilityVersion = "Xcode 8.0";
			developmentRegion = en;
			hasScannedForEncodings = 0;
			knownRegions = (
				en,
				Base,
			);
			mainGroup = 224013A2206CE46600C431CB;
			productRefGroup = 224013AC206CE46600C431CB /* Products */;
			projectDirPath = "";
			projectRoot = "";
			targets = (
				224013AA206CE46600C431CB /* BezierCurveLineDemo */,
			);
		};
/* End PBXProject section */

/* Begin PBXResourcesBuildPhase section */
		224013A9206CE46600C431CB /* Resources */ = {
			isa = PBXResourcesBuildPhase;
			buildActionMask = 2147483647;
			files = (
				224013B9206CE46600C431CB /* LaunchScreen.storyboard in Resources */,
				224013B6206CE46600C431CB /* Assets.xcassets in Resources */,
				224013B4206CE46600C431CB /* Main.storyboard in Resources */,
			);
			runOnlyForDeploymentPostprocessing = 0;
		};
/* End PBXResourcesBuildPhase section */

/* Begin PBXSourcesBuildPhase section */
		224013A7206CE46600C431CB /* Sources */ = {
			isa = PBXSourcesBuildPhase;
			buildActionMask = 2147483647;
			files = (
				224013B1206CE46600C431CB /* ViewController.swift in Sources */,
				224013AF206CE46600C431CB /* AppDelegate.swift in Sources */,
				224013C1206CE4DF00C431CB /* BezierCurveView.swift in Sources */,
			);
			runOnlyForDeploymentPostprocessing = 0;
		};
/* End PBXSourcesBuildPhase section */

/* Begin PBXVariantGroup section */
		224013B2206CE46600C431CB /* Main.storyboard */ = {
			isa = PBXVariantGroup;
			children = (
				224013B3206CE46600C431CB /* Base */,
			);
			name = Main.storyboard;
			sourceTree = "<group>";
		};
		224013B7206CE46600C431CB /* LaunchScreen.storyboard */ = {
			isa = PBXVariantGroup;
			children = (
				224013B8206CE46600C431CB /* Base */,
			);
			name = LaunchScreen.storyboard;
			sourceTree = "<group>";
		};
/* End PBXVariantGroup section */

/* Begin XCBuildConfiguration section */
		224013BB206CE46600C431CB /* Debug */ = {
			isa = XCBuildConfiguration;
			buildSettings = {
				ALWAYS_SEARCH_USER_PATHS = NO;
				CLANG_ANALYZER_NONNULL = YES;
				CLANG_ANALYZER_NUMBER_OBJECT_CONVERSION = YES_AGGRESSIVE;
				CLANG_CXX_LANGUAGE_STANDARD = "gnu++14";
				CLANG_CXX_LIBRARY = "libc++";
				CLANG_ENABLE_MODULES = YES;
				CLANG_ENABLE_OBJC_ARC = YES;
				CLANG_WARN_BLOCK_CAPTURE_AUTORELEASING = YES;
				CLANG_WARN_BOOL_CONVERSION = YES;
				CLANG_WARN_COMMA = YES;
				CLANG_WARN_CONSTANT_CONVERSION = YES;
				CLANG_WARN_DIRECT_OBJC_ISA_USAGE = YES_ERROR;
				CLANG_WARN_DOCUMENTATION_COMMENTS = YES;
				CLANG_WARN_EMPTY_BODY = YES;
				CLANG_WARN_ENUM_CONVERSION = YES;
				CLANG_WARN_INFINITE_RECURSION = YES;
				CLANG_WARN_INT_CONVERSION = YES;
				CLANG_WARN_NON_LITERAL_NULL_CONVERSION = YES;
				CLANG_WARN_OBJC_LITERAL_CONVERSION = YES;
				CLANG_WARN_OBJC_ROOT_CLASS = YES_ERROR;
				CLANG_WARN_RANGE_LOOP_ANALYSIS = YES;
				CLANG_WARN_STRICT_PROTOTYPES = YES;
				CLANG_WARN_SUSPICIOUS_MOVE = YES;
				CLANG_WARN_UNGUARDED_AVAILABILITY = YES_AGGRESSIVE;
				CLANG_WARN_UNREACHABLE_CODE = YES;
				CLANG_WARN__DUPLICATE_METHOD_MATCH = YES;
				CODE_SIGN_IDENTITY = "iPhone Developer";
				COPY_PHASE_STRIP = NO;
				DEBUG_INFORMATION_FORMAT = dwarf;
				ENABLE_STRICT_OBJC_MSGSEND = YES;
				ENABLE_TESTABILITY = YES;
				GCC_C_LANGUAGE_STANDARD = gnu11;
				GCC_DYNAMIC_NO_PIC = NO;
				GCC_NO_COMMON_BLOCKS = YES;
				GCC_OPTIMIZATION_LEVEL = 0;
				GCC_PREPROCESSOR_DEFINITIONS = (
					"DEBUG=1",
					"$(inherited)",
				);
				GCC_WARN_64_TO_32_BIT_CONVERSION = YES;
				GCC_WARN_ABOUT_RETURN_TYPE = YES_ERROR;
				GCC_WARN_UNDECLARED_SELECTOR = YES;
				GCC_WARN_UNINITIALIZED_AUTOS = YES_AGGRESSIVE;
				GCC_WARN_UNUSED_FUNCTION = YES;
				GCC_WARN_UNUSED_VARIABLE = YES;
				IPHONEOS_DEPLOYMENT_TARGET = 11.2;
				MTL_ENABLE_DEBUG_INFO = YES;
				ONLY_ACTIVE_ARCH = YES;
				SDKROOT = iphoneos;
				SWIFT_ACTIVE_COMPILATION_CONDITIONS = DEBUG;
				SWIFT_OPTIMIZATION_LEVEL = "-Onone";
			};
			name = Debug;
		};
		224013BC206CE46600C431CB /* Release */ = {
			isa = XCBuildConfiguration;
			buildSettings = {
				ALWAYS_SEARCH_USER_PATHS = NO;
				CLANG_ANALYZER_NONNULL = YES;
				CLANG_ANALYZER_NUMBER_OBJECT_CONVERSION = YES_AGGRESSIVE;
				CLANG_CXX_LANGUAGE_STANDARD = "gnu++14";
				CLANG_CXX_LIBRARY = "libc++";
				CLANG_ENABLE_MODULES = YES;
				CLANG_ENABLE_OBJC_ARC = YES;
				CLANG_WARN_BLOCK_CAPTURE_AUTORELEASING = YES;
				CLANG_WARN_BOOL_CONVERSION = YES;
				CLANG_WARN_COMMA = YES;
				CLANG_WARN_CONSTANT_CONVERSION = YES;
				CLANG_WARN_DIRECT_OBJC_ISA_USAGE = YES_ERROR;
				CLANG_WARN_DOCUMENTATION_COMMENTS = YES;
				CLANG_WARN_EMPTY_BODY = YES;
				CLANG_WARN_ENUM_CONVERSION = YES;
				CLANG_WARN_INFINITE_RECURSION = YES;
				CLANG_WARN_INT_CONVERSION = YES;
				CLANG_WARN_NON_LITERAL_NULL_CONVERSION = YES;
				CLANG_WARN_OBJC_LITERAL_CONVERSION = YES;
				CLANG_WARN_OBJC_ROOT_CLASS = YES_ERROR;
				CLANG_WARN_RANGE_LOOP_ANALYSIS = YES;
				CLANG_WARN_STRICT_PROTOTYPES = YES;
				CLANG_WARN_SUSPICIOUS_MOVE = YES;
				CLANG_WARN_UNGUARDED_AVAILABILITY = YES_AGGRESSIVE;
				CLANG_WARN_UNREACHABLE_CODE = YES;
				CLANG_WARN__DUPLICATE_METHOD_MATCH = YES;
				CODE_SIGN_IDENTITY = "iPhone Developer";
				COPY_PHASE_STRIP = NO;
				DEBUG_INFORMATION_FORMAT = "dwarf-with-dsym";
				ENABLE_NS_ASSERTIONS = NO;
				ENABLE_STRICT_OBJC_MSGSEND = YES;
				GCC_C_LANGUAGE_STANDARD = gnu11;
				GCC_NO_COMMON_BLOCKS = YES;
				GCC_WARN_64_TO_32_BIT_CONVERSION = YES;
				GCC_WARN_ABOUT_RETURN_TYPE = YES_ERROR;
				GCC_WARN_UNDECLARED_SELECTOR = YES;
				GCC_WARN_UNINITIALIZED_AUTOS = YES_AGGRESSIVE;
				GCC_WARN_UNUSED_FUNCTION = YES;
				GCC_WARN_UNUSED_VARIABLE = YES;
				IPHONEOS_DEPLOYMENT_TARGET = 11.2;
				MTL_ENABLE_DEBUG_INFO = NO;
				SDKROOT = iphoneos;
				SWIFT_OPTIMIZATION_LEVEL = "-Owholemodule";
				VALIDATE_PRODUCT = YES;
			};
			name = Release;
		};
		224013BE206CE46600C431CB /* Debug */ = {
			isa = XCBuildConfiguration;
			buildSettings = {
				ASSETCATALOG_COMPILER_APPICON_NAME = AppIcon;
				CODE_SIGN_STYLE = Automatic;
				DEVELOPMENT_TEAM = X69H552D76;
				INFOPLIST_FILE = BezierCurveLineDemo/Info.plist;
				IPHONEOS_DEPLOYMENT_TARGET = 10.0;
				LD_RUNPATH_SEARCH_PATHS = "$(inherited) @executable_path/Frameworks";
				PRODUCT_BUNDLE_IDENTIFIER = zgzzzs.BezierCurveLineDemo;
				PRODUCT_NAME = "$(TARGET_NAME)";
				SWIFT_VERSION = 4.0;
				TARGETED_DEVICE_FAMILY = "1,2";
			};
			name = Debug;
		};
		224013BF206CE46600C431CB /* Release */ = {
			isa = XCBuildConfiguration;
			buildSettings = {
				ASSETCATALOG_COMPILER_APPICON_NAME = AppIcon;
				CODE_SIGN_STYLE = Automatic;
				DEVELOPMENT_TEAM = X69H552D76;
				INFOPLIST_FILE = BezierCurveLineDemo/Info.plist;
				IPHONEOS_DEPLOYMENT_TARGET = 10.0;
				LD_RUNPATH_SEARCH_PATHS = "$(inherited) @executable_path/Frameworks";
				PRODUCT_BUNDLE_IDENTIFIER = zgzzzs.BezierCurveLineDemo;
				PRODUCT_NAME = "$(TARGET_NAME)";
				SWIFT_VERSION = 4.0;
				TARGETED_DEVICE_FAMILY = "1,2";
			};
			name = Release;
		};
/* End XCBuildConfiguration section */

/* Begin XCConfigurationList section */
		224013A6206CE46600C431CB /* Build configuration list for PBXProject "BezierCurveLineDemo" */ = {
			isa = XCConfigurationList;
			buildConfigurations = (
				224013BB206CE46600C431CB /* Debug */,
				224013BC206CE46600C431CB /* Release */,
			);
			defaultConfigurationIsVisible = 0;
			defaultConfigurationName = Release;
		};
		224013BD206CE46600C431CB /* Build configuration list for PBXNativeTarget "BezierCurveLineDemo" */ = {
			isa = XCConfigurationList;
			buildConfigurations = (
				224013BE206CE46600C431CB /* Debug */,
				224013BF206CE46600C431CB /* Release */,
			);
			defaultConfigurationIsVisible = 0;
			defaultConfigurationName = Release;
		};
/* End XCConfigurationList section */
	};
	rootObject = 224013A3206CE46600C431CB /* Project object */;
}
